# THIS IS AN AUTOGENERATED FILE. DO NOT EDIT THIS FILE DIRECTLY.
# yarn lockfile v1


bindings@^1.3.0:
  version "1.5.0"
  resolved "https://registry.yarnpkg.com/bindings/-/bindings-1.5.0.tgz#10353c9e945334bc0511a6d90b38fbc7c9c504df"
  integrity sha512-p2q/t/mhvuOj/UeLlV6566GD/guowlr0hHxClI0W9m7MWYkL1F0hLo+0Aexs9HSPCtR1SXQ0TD3MMKrXZajbiQ==
  dependencies:
    file-uri-to-path "1.0.0"

buffer-alloc-unsafe@^1.1.0:
  version "1.1.0"
  resolved "https://registry.yarnpkg.com/buffer-alloc-unsafe/-/buffer-alloc-unsafe-1.1.0.tgz#bd7dc26ae2972d0eda253be061dba992349c19f0"
  integrity sha512-TEM2iMIEQdJ2yjPJoSIsldnleVaAk1oW3DBVUykyOLsEsFmEc9kn+SFFPz+gl54KQNxlDnAwCXosOS9Okx2xAg==

buffer-alloc@^1.1.0:
  version "1.2.0"
  resolved "https://registry.yarnpkg.com/buffer-alloc/-/buffer-alloc-1.2.0.tgz#890dd90d923a873e08e10e5fd51a57e5b7cce0ec"
  integrity sha512-CFsHQgjtW1UChdXgbyJGtnm+O/uLQeZdtbDo8mfUgYXCHSM1wgrVxXm6bSyrUuErEb+4sYVGCzASBRot7zyrow==
  dependencies:
    buffer-alloc-unsafe "^1.1.0"
    buffer-fill "^1.0.0"

buffer-fill@^1.0.0:
  version "1.0.0"
  resolved "https://registry.yarnpkg.com/buffer-fill/-/buffer-fill-1.0.0.tgz#f8f78b76789888ef39f205cd637f68e702122b2c"
  integrity sha512-T7zexNBwiiaCOGDg9xNX9PBmjrubblRkENuptryuI64URkXDFum9il/JGL8Lm8wYfAXpredVXXZz7eMHilimiQ==

create-temp-file@^1.0.0:
  version "1.0.0"
  resolved "https://registry.yarnpkg.com/create-temp-file/-/create-temp-file-1.0.0.tgz#7c502be1147a5cf126c5a399c07e5095b673c5db"
  integrity sha512-Ij9bncpJhI0lppKYHy9kj4O/u78X7lkOgmkF9OX71A3OuDmGKC5mOodvrHQo0VeJU2BDPv+n4My6lGDCS4O9uw==
  dependencies:
    tempfile "^1.1.1"

debug@^4.0.0:
  version "4.4.0"
  resolved "https://registry.yarnpkg.com/debug/-/debug-4.4.0.tgz#2b3f2aea2ffeb776477460267377dc8710faba8a"
  integrity sha512-6WTZ/IxCY/T6BALoZHaE4ctp9xm+Z5kY/pzYaCHRFeyVhojxlrm+46y68HA6hr0TcwEssoxNiDEUJQjfPZ/RYA==
  dependencies:
    ms "^2.1.3"

duplexer@^0.1.1:
  version "0.1.2"
  resolved "https://registry.yarnpkg.com/duplexer/-/duplexer-0.1.2.tgz#3abe43aef3835f8ae077d136ddce0f276b0400e6"
  integrity sha512-jtD6YG370ZCIi/9GTaJKQxWTZD045+4R4hTk/x1UyoqadyJ9x9CgSi1RlVDQF8U2sxLLSnFkCaMihqljHIWgMg==

file-uri-to-path@1.0.0:
  version "1.0.0"
  resolved "https://registry.yarnpkg.com/file-uri-to-path/-/file-uri-to-path-1.0.0.tgz#553a7b8446ff6f684359c445f1e37a05dacc33dd"
  integrity sha512-0Zt+s3L7Vf1biwWZ29aARiVYLx7iMGnEUl9x33fbB/j3jR81u/O2LbqK+Bm1CDSNDKVtJ/YjwY7TUd5SkeLQLw==

find-exec@1.0.3:
  version "1.0.3"
  resolved "https://registry.yarnpkg.com/find-exec/-/find-exec-1.0.3.tgz#c4b18f795968f1730060776fc52f829b977ad29e"
  integrity sha512-gnG38zW90mS8hm5smNcrBnakPEt+cGJoiMkJwCU0IYnEb0H2NQk0NIljhNW+48oniCriFek/PH6QXbwsJo/qug==
  dependencies:
    shell-quote "^1.8.1"

hash-to-array@^1.0.0:
  version "1.0.2"
  resolved "https://registry.yarnpkg.com/hash-to-array/-/hash-to-array-1.0.2.tgz#0a41232d07c9bc8f5c97ee0998f773bf4538c737"
  integrity sha512-XE6/n2DLqccbA/euPqPnz8j1H8MiU1MsxY7ZG5Na0+eaZc13DHqhR+5S7sDKp8OeW5w+5WhX7j8ZfXYiTi0OfA==

ms@^2.1.3:
  version "2.1.3"
  resolved "https://registry.yarnpkg.com/ms/-/ms-2.1.3.tgz#574c8138ce1d2b5861f0b44579dbadd60c6615b2"
  integrity sha512-6FlzubTLZG3J2a/NVCAleEhjzq5oxgHyaCU9yYXvcLsvoVaHJq/s5xXI6/XXP6tz7R9xAOtHnSO/tXtF3WRTlA==

node-wav@^0.0.2:
  version "0.0.2"
  resolved "https://registry.yarnpkg.com/node-wav/-/node-wav-0.0.2.tgz#89cb63cf8cd66ec8ab455f5ba4864e5fcb4605e8"
  integrity sha512-M6Rm/bbG6De/gKGxOpeOobx/dnGuP0dz40adqx38boqHhlWssBJZgLCPBNtb9NkrmnKYiV04xELq+R6PFOnoLA==

os-tmpdir@^1.0.0:
  version "1.0.2"
  resolved "https://registry.yarnpkg.com/os-tmpdir/-/os-tmpdir-1.0.2.tgz#bbe67406c79aa85c5cfec766fe5734555dfa1274"
  integrity sha512-D2FR03Vir7FIu45XBY20mTb+/ZSWB00sjU9jdQXt83gDrI4Ztz5Fs7/yy74g2N5SVQY4xY1qDr4rNddwYRVX0g==

play-sound@^1.1.6:
  version "1.1.6"
  resolved "https://registry.yarnpkg.com/play-sound/-/play-sound-1.1.6.tgz#e62ed9daf8506aba959e8fd267c49d9b979d89fa"
  integrity sha512-09eO4QiXNFXJffJaOW5P6x6F5RLihpLUkXttvUZeWml0fU6x6Zp7AjG9zaeMpgH2ZNvq4GR1ytB22ddYcqJIZA==
  dependencies:
    find-exec "1.0.3"

shell-quote@^1.8.1:
  version "1.8.2"
  resolved "https://registry.yarnpkg.com/shell-quote/-/shell-quote-1.8.2.tgz#d2d83e057959d53ec261311e9e9b8f51dcb2934a"
  integrity sha512-AzqKpGKjrj7EM6rKVQEPpB288oCfnrEIuyoT9cyF4nmGa7V8Zk6f7RRqYisX8X9m+Q7bd632aZW4ky7EhbQztA==

sox-stream@^2.0.6:
  version "2.0.6"
  resolved "https://registry.yarnpkg.com/sox-stream/-/sox-stream-2.0.6.tgz#c815b72f01815e8deb85770b85ce08532125fdfd"
  integrity sha512-dzscjI1mQSNWagW9iEymYenU1QuDTQUcEvAYmdqSgWhxAOgvvwaecMa6CORzQwouRWacxHsChKWav8m7fyeVXw==
  dependencies:
    create-temp-file "^1.0.0"
    duplexer "^0.1.1"
    hash-to-array "^1.0.0"

speaker@^0.5.5:
  version "0.5.5"
  resolved "https://registry.yarnpkg.com/speaker/-/speaker-0.5.5.tgz#8c5fa2aaee2f272889a8778dcad1fc30a13d42a3"
  integrity sha512-IBeMZUITigYBO139h0+1MAgBHNZF55GFJN4U/Box35Sg49cfqYkbCO92TXoCUy22Ast08zfqKuXLvPxq9CWwLw==
  dependencies:
    bindings "^1.3.0"
    buffer-alloc "^1.1.0"
    debug "^4.0.0"

tempfile@^1.1.1:
  version "1.1.1"
  resolved "https://registry.yarnpkg.com/tempfile/-/tempfile-1.1.1.tgz#5bcc4eaecc4ab2c707d8bc11d99ccc9a2cb287f2"
  integrity sha512-NjT12fW6pSEKz1eVcADgaKfeM+XZ4+zSaqVz46XH7+CiEwcelnwtGWRRjF1p+xyW2PVgKKKS2UUw1LzRelntxg==
  dependencies:
    os-tmpdir "^1.0.0"
    uuid "^2.0.1"

uuid@^2.0.1:
  version "2.0.3"
  resolved "https://registry.yarnpkg.com/uuid/-/uuid-2.0.3.tgz#67e2e863797215530dff318e5bf9dcebfd47b21a"
  integrity sha512-FULf7fayPdpASncVy4DLh3xydlXEJJpvIELjYjNeQWYUZ9pclcpvCZSr2gkmN2FrrGcI7G/cJsIEwk5/8vfXpg==
